<?xml version="1.0" encoding="utf-8"?>
<Project ToolsVersion="17.0" xmlns="http://schemas.microsoft.com/developer/msbuild/2003">
  <ItemGroup>
    <ClCompile Include="C:\Users\yoruk\Desktop\cen310-midterm-yoruk-ihsan\src\calculatorapp\src\calculatorapp.cpp">
      <Filter>src</Filter>
    </ClCompile>
  </ItemGroup>
  <ItemGroup>
    <ClInclude Include="C:\Users\yoruk\Desktop\cen310-midterm-yoruk-ihsan\src\calculatorapp\header\calculatorapp.h">
      <Filter>header</Filter>
    </ClInclude>
  </ItemGroup>
  <ItemGroup>
    <CustomBuild Include="C:\Users\yoruk\Desktop\cen310-midterm-yoruk-ihsan\src\calculatorapp\CMakeLists.txt" />
  </ItemGroup>
  <ItemGroup>
    <Filter Include="header">
      <UniqueIdentifier>{7CC69726-C5DC-35E3-8C15-117DC726CB41}</UniqueIdentifier>
    </Filter>
    <Filter Include="src">
      <UniqueIdentifier>{104317FE-929D-3A82-AF49-86D0A9DCC05E}</UniqueIdentifier>
    </Filter>
  </ItemGroup>
</Project>
